
Microsoft Visual Studio Solution File, Format Version 12.00
# Visual Studio Version 16
VisualStudioVersion = 16.0.31410.357
MinimumVisualStudioVersion = 10.0.40219.1
Project("{9A19103F-16F7-4668-BE54-9A1E7A4F7556}") = "jc-interface-client", "jc-interface-client.csproj", "{3D749E98-5FC0-4B8B-B0BD-37CD3B4DE872}"
EndProject
Global
	GlobalSection(SolutionConfigurationPlatforms) = preSolution
		Debug|Any CPU = Debug|Any CPU
		Release|Any CPU = Release|Any CPU
	EndGlobalSection
	GlobalSection(ProjectConfigurationPlatforms) = postSolution
		{3D749E98-5FC0-4B8B-B0BD-37CD3B4DE872}.Debug|Any CPU.ActiveCfg = Debug|Any CPU
		{3D749E98-5FC0-4B8B-B0BD-37CD3B4DE872}.Debug|Any CPU.Build.0 = Debug|Any CPU
		{3D749E98-5FC0-4B8B-B0BD-37CD3B4DE872}.Release|Any CPU.ActiveCfg = Release|Any CPU
		{3D749E98-5FC0-4B8B-B0BD-37CD3B4DE872}.Release|Any CPU.Build.0 = Release|Any CPU
	EndGlobalSection
	GlobalSection(SolutionProperties) = preSolution
		HideSolutionNode = FALSE
	EndGlobalSection
	GlobalSection(ExtensibilityGlobals) = postSolution
		SolutionGuid = {C55418BC-B086-4D8D-B6E0-6EA5A05DF940}
	EndGlobalSection
EndGlobal
